{
  "nodes": {
    "nixpkgs": {
      "locked": {
        "lastModified": 1703108738,
        "narHash": "sha256-JEMMgKk5MoTNSUcju/RtT6LYtEVAHSaYRMgsG7ZbT8g=",
        "owner": "nixos",
        "repo": "nixpkgs",
        "rev": "b21d62223e01fa300390b7fe5531bc664b34fc99",
        "type": "github"
      },
      "original": {
        "owner": "nixos",
        "repo": "nixpkgs",
        "type": "github"
      }
    },
    "root": {
      "inputs": {
        "nixpkgs": "nixpkgs"
      }
    }
  },
  "root": "root",
  "version": 7
}
