{
  "nodes": {
    "nixpkgs": {
      "locked": {
        "lastModified": 1691405454,
        "narHash": "sha256-D76+fg/0znDAG/iiDS6znqHx3qVr9b8OG7Be+ILTapc=",
        "path": "/nix/store/5dnc5l02xxdfgn53jrnzz30xf5iandid-source",
        "rev": "9b204e5c6dca8e516803b417971be45d8b2fc7b4",
        "type": "path"
      },
      "original": {
        "id": "nixpkgs",
        "type": "indirect"
      }
    },
    "root": {
      "inputs": {
        "nixpkgs": "nixpkgs"
      }
    }
  },
  "root": "root",
  "version": 7
}
