{
  "nodes": {
    "nixpkgs": {
      "locked": {
        "lastModified": 1707151468,
        "narHash": "sha256-IZYdxHxYnNDAFMW5QZBVnHnPn1Gj7+/76tT8C5obKHA=",
        "owner": "nixos",
        "repo": "nixpkgs",
        "rev": "27dbf77d62d4531f0aef4e616ede789ac49f5fd2",
        "type": "github"
      },
      "original": {
        "owner": "nixos",
        "repo": "nixpkgs",
        "type": "github"
      }
    },
    "root": {
      "inputs": {
        "nixpkgs": "nixpkgs"
      }
    }
  },
  "root": "root",
  "version": 7
}
